{
  "name": "mpegts-tools",
  "version": "0.0.0",
  "lockfileVersion": 1,
  "requires": true,
  "dependencies": {
    "@types/node": {
      "version": "11.15.3",
      "resolved": "https://registry.npmjs.org/@types/node/-/node-11.15.3.tgz",
      "integrity": "sha512-5RzvXVietaB8S4dwDjxjltAOHtTO87fiksjqjWGZih97j6KSrdCDaRfmYMNrgrLM87odGBrsTHAl6N3fLraQaw=="
    }
  }
}
